{
  "name": "cpuvsgpu",
  "version": "1.0.0",
  "lockfileVersion": 1,
  "requires": true,
  "dependencies": {
    "fullpage.js": {
      "version": "3.0.7",
      "resolved": "https://registry.npmjs.org/fullpage.js/-/fullpage.js-3.0.7.tgz",
      "integrity": "sha512-kKgwNWGUY/nMCMWuDJph2D4lSLmRqcEqD9zGR4no7e85sGLGUTdB5xWUUDZCXEp3nkPNVMOVJLFhJq5DbIY1UA=="
    },
    "jquery": {
      "version": "3.4.1",
      "resolved": "https://registry.npmjs.org/jquery/-/jquery-3.4.1.tgz",
      "integrity": "sha512-36+AdBzCL+y6qjw5Tx7HgzeGCzC81MDDgaUP8ld2zhx58HdqXGoBd+tHdrBMiyjGQs0Hxs/MLZTu/eHNJJuWPw=="
    }
  }
}
